
Microsoft Visual Studio Solution File, Format Version 12.00
# Visual Studio Version 17
VisualStudioVersion = 17.1.32414.318
MinimumVisualStudioVersion = 10.0.40219.1
Project("{9A19103F-16F7-4668-BE54-9A1E7A4F7556}") = "SignalRApp", "SignalRApp\SignalRApp.csproj", "{DC7174AE-4BAC-4057-8E5C-CCA8E960F54B}"
EndProject
Project("{FAE04EC0-301F-11D3-BF4B-00C04F79EFBC}") = "WPFClient", "WPFClient\WPFClient.csproj", "{48FD788D-1A65-4DED-8D12-071FD8520D85}"
EndProject
Global
	GlobalSection(SolutionConfigurationPlatforms) = preSolution
		Debug|Any CPU = Debug|Any CPU
		Release|Any CPU = Release|Any CPU
	EndGlobalSection
	GlobalSection(ProjectConfigurationPlatforms) = postSolution
		{DC7174AE-4BAC-4057-8E5C-CCA8E960F54B}.Debug|Any CPU.ActiveCfg = Debug|Any CPU
		{DC7174AE-4BAC-4057-8E5C-CCA8E960F54B}.Debug|Any CPU.Build.0 = Debug|Any CPU
		{DC7174AE-4BAC-4057-8E5C-CCA8E960F54B}.Release|Any CPU.ActiveCfg = Release|Any CPU
		{DC7174AE-4BAC-4057-8E5C-CCA8E960F54B}.Release|Any CPU.Build.0 = Release|Any CPU
		{48FD788D-1A65-4DED-8D12-071FD8520D85}.Debug|Any CPU.ActiveCfg = Debug|Any CPU
		{48FD788D-1A65-4DED-8D12-071FD8520D85}.Debug|Any CPU.Build.0 = Debug|Any CPU
		{48FD788D-1A65-4DED-8D12-071FD8520D85}.Release|Any CPU.ActiveCfg = Release|Any CPU
		{48FD788D-1A65-4DED-8D12-071FD8520D85}.Release|Any CPU.Build.0 = Release|Any CPU
	EndGlobalSection
	GlobalSection(SolutionProperties) = preSolution
		HideSolutionNode = FALSE
	EndGlobalSection
	GlobalSection(ExtensibilityGlobals) = postSolution
		SolutionGuid = {218D36C0-8951-49B1-9677-AECE72678E67}
	EndGlobalSection
EndGlobal
